
Microsoft Visual Studio Solution File, Format Version 12.00
# Visual Studio 15
VisualStudioVersion = 15.0.28307.1000
MinimumVisualStudioVersion = 10.0.40219.1
Project("{9A19103F-16F7-4668-BE54-9A1E7A4F7556}") = "GiftCards.DataLayer", "GiftCards.DataLayer\GiftCards.DataLayer.csproj", "{7443711B-158E-4C44-A9E2-966CFDDC9BBD}"
EndProject
Project("{9A19103F-16F7-4668-BE54-9A1E7A4F7556}") = "GiftCards.BusinessLayer", "GiftCards.BusinessLayer\GiftCards.BusinessLayer.csproj", "{AF1950FF-B127-410B-88CE-A14E31EE2C2D}"
EndProject
Project("{9A19103F-16F7-4668-BE54-9A1E7A4F7556}") = "GiftCards.Entities", "GiftCards.Entities\GiftCards.Entities.csproj", "{872FC8A5-86AD-42C7-A049-931B9AC1791D}"
EndProject
Project("{9A19103F-16F7-4668-BE54-9A1E7A4F7556}") = "GiftCards.Tests", "GiftCards.Tests\GiftCards.Tests.csproj", "{5B9D91B3-7823-42D5-9080-40903D0A1297}"
EndProject
Project("{FAE04EC0-301F-11D3-BF4B-00C04F79EFBC}") = "GiftCards", "GiftCards\GiftCards.csproj", "{23010749-389C-4124-9E42-04BCC97D059A}"
EndProject
Global
	GlobalSection(SolutionConfigurationPlatforms) = preSolution
		Debug|Any CPU = Debug|Any CPU
		Release|Any CPU = Release|Any CPU
	EndGlobalSection
	GlobalSection(ProjectConfigurationPlatforms) = postSolution
		{7443711B-158E-4C44-A9E2-966CFDDC9BBD}.Debug|Any CPU.ActiveCfg = Debug|Any CPU
		{7443711B-158E-4C44-A9E2-966CFDDC9BBD}.Debug|Any CPU.Build.0 = Debug|Any CPU
		{7443711B-158E-4C44-A9E2-966CFDDC9BBD}.Release|Any CPU.ActiveCfg = Release|Any CPU
		{7443711B-158E-4C44-A9E2-966CFDDC9BBD}.Release|Any CPU.Build.0 = Release|Any CPU
		{AF1950FF-B127-410B-88CE-A14E31EE2C2D}.Debug|Any CPU.ActiveCfg = Debug|Any CPU
		{AF1950FF-B127-410B-88CE-A14E31EE2C2D}.Debug|Any CPU.Build.0 = Debug|Any CPU
		{AF1950FF-B127-410B-88CE-A14E31EE2C2D}.Release|Any CPU.ActiveCfg = Release|Any CPU
		{AF1950FF-B127-410B-88CE-A14E31EE2C2D}.Release|Any CPU.Build.0 = Release|Any CPU
		{872FC8A5-86AD-42C7-A049-931B9AC1791D}.Debug|Any CPU.ActiveCfg = Debug|Any CPU
		{872FC8A5-86AD-42C7-A049-931B9AC1791D}.Debug|Any CPU.Build.0 = Debug|Any CPU
		{872FC8A5-86AD-42C7-A049-931B9AC1791D}.Release|Any CPU.ActiveCfg = Release|Any CPU
		{872FC8A5-86AD-42C7-A049-931B9AC1791D}.Release|Any CPU.Build.0 = Release|Any CPU
		{5B9D91B3-7823-42D5-9080-40903D0A1297}.Debug|Any CPU.ActiveCfg = Debug|Any CPU
		{5B9D91B3-7823-42D5-9080-40903D0A1297}.Debug|Any CPU.Build.0 = Debug|Any CPU
		{5B9D91B3-7823-42D5-9080-40903D0A1297}.Release|Any CPU.ActiveCfg = Release|Any CPU
		{5B9D91B3-7823-42D5-9080-40903D0A1297}.Release|Any CPU.Build.0 = Release|Any CPU
		{23010749-389C-4124-9E42-04BCC97D059A}.Debug|Any CPU.ActiveCfg = Debug|Any CPU
		{23010749-389C-4124-9E42-04BCC97D059A}.Debug|Any CPU.Build.0 = Debug|Any CPU
		{23010749-389C-4124-9E42-04BCC97D059A}.Release|Any CPU.ActiveCfg = Release|Any CPU
		{23010749-389C-4124-9E42-04BCC97D059A}.Release|Any CPU.Build.0 = Release|Any CPU
	EndGlobalSection
	GlobalSection(SolutionProperties) = preSolution
		HideSolutionNode = FALSE
	EndGlobalSection
	GlobalSection(ExtensibilityGlobals) = postSolution
		SolutionGuid = {501B0D45-437A-4507-86FE-39342F89A30A}
	EndGlobalSection
EndGlobal
